// !$*UTF8*$!
{
	archiveVersion = 1;
	classes = {
	};
	objectVersion = 50;
	objects = {

/* Begin PBXBuildFile section */
		06A65B6B26B0362E007F2B5F /* AppDelegate.swift in Sources */ = {isa = PBXBuildFile; fileRef = 06A65B6A26B0362E007F2B5F /* AppDelegate.swift */; };
		06A65B6D26B0362E007F2B5F /* SceneDelegate.swift in Sources */ = {isa = PBXBuildFile; fileRef = 06A65B6C26B0362E007F2B5F /* SceneDelegate.swift */; };
		06A65B7226B0362E007F2B5F /* Main.storyboard in Resources */ = {isa = PBXBuildFile; fileRef = 06A65B7026B0362E007F2B5F /* Main.storyboard */; };
		06A65B7426B03631007F2B5F /* Assets.xcassets in Resources */ = {isa = PBXBuildFile; fileRef = 06A65B7326B03631007F2B5F /* Assets.xcassets */; };
		06A65B7726B03631007F2B5F /* LaunchScreen.storyboard in Resources */ = {isa = PBXBuildFile; fileRef = 06A65B7526B03631007F2B5F /* LaunchScreen.storyboard */; };
		06A65B8426B0388D007F2B5F /* ContactListTableViewController.swift in Sources */ = {isa = PBXBuildFile; fileRef = 06A65B8326B0388D007F2B5F /* ContactListTableViewController.swift */; };
		06A65B8626B03A24007F2B5F /* Person.swift in Sources */ = {isa = PBXBuildFile; fileRef = 06A65B8526B03A24007F2B5F /* Person.swift */; };
		06A65B8826B03A72007F2B5F /* DataManager.swift in Sources */ = {isa = PBXBuildFile; fileRef = 06A65B8726B03A72007F2B5F /* DataManager.swift */; };
		06A65B8A26B04CD7007F2B5F /* DetailContactViewController.swift in Sources */ = {isa = PBXBuildFile; fileRef = 06A65B8926B04CD7007F2B5F /* DetailContactViewController.swift */; };
/* End PBXBuildFile section */

/* Begin PBXFileReference section */
		06A65B6726B0362E007F2B5F /* PersonsList.app */ = {isa = PBXFileReference; explicitFileType = wrapper.application; includeInIndex = 0; path = PersonsList.app; sourceTree = BUILT_PRODUCTS_DIR; };
		06A65B6A26B0362E007F2B5F /* AppDelegate.swift */ = {isa = PBXFileReference; lastKnownFileType = sourcecode.swift; path = AppDelegate.swift; sourceTree = "<group>"; };
		06A65B6C26B0362E007F2B5F /* SceneDelegate.swift */ = {isa = PBXFileReference; lastKnownFileType = sourcecode.swift; path = SceneDelegate.swift; sourceTree = "<group>"; };
		06A65B7126B0362E007F2B5F /* Base */ = {isa = PBXFileReference; lastKnownFileType = file.storyboard; name = Base; path = Base.lproj/Main.storyboard; sourceTree = "<group>"; };
		06A65B7326B03631007F2B5F /* Assets.xcassets */ = {isa = PBXFileReference; lastKnownFileType = folder.assetcatalog; path = Assets.xcassets; sourceTree = "<group>"; };
		06A65B7626B03631007F2B5F /* Base */ = {isa = PBXFileReference; lastKnownFileType = file.storyboard; name = Base; path = Base.lproj/LaunchScreen.storyboard; sourceTree = "<group>"; };
		06A65B7826B03631007F2B5F /* Info.plist */ = {isa = PBXFileReference; lastKnownFileType = text.plist.xml; path = Info.plist; sourceTree = "<group>"; };
		06A65B8326B0388D007F2B5F /* ContactListTableViewController.swift */ = {isa = PBXFileReference; lastKnownFileType = sourcecode.swift; path = ContactListTableViewController.swift; sourceTree = "<group>"; };
		06A65B8526B03A24007F2B5F /* Person.swift */ = {isa = PBXFileReference; lastKnownFileType = sourcecode.swift; path = Person.swift; sourceTree = "<group>"; };
		06A65B8726B03A72007F2B5F /* DataManager.swift */ = {isa = PBXFileReference; lastKnownFileType = sourcecode.swift; path = DataManager.swift; sourceTree = "<group>"; };
		06A65B8926B04CD7007F2B5F /* DetailContactViewController.swift */ = {isa = PBXFileReference; lastKnownFileType = sourcecode.swift; path = DetailContactViewController.swift; sourceTree = "<group>"; };
/* End PBXFileReference section */

/* Begin PBXFrameworksBuildPhase section */
		06A65B6426B0362E007F2B5F /* Frameworks */ = {
			isa = PBXFrameworksBuildPhase;
			buildActionMask = 2147483647;
			files = (
			);
			runOnlyForDeploymentPostprocessing = 0;
		};
/* End PBXFrameworksBuildPhase section */

/* Begin PBXGroup section */
		06A65B5E26B0362E007F2B5F = {
			isa = PBXGroup;
			children = (
				06A65B6926B0362E007F2B5F /* PersonsList */,
				06A65B6826B0362E007F2B5F /* Products */,
			);
			sourceTree = "<group>";
		};
		06A65B6826B0362E007F2B5F /* Products */ = {
			isa = PBXGroup;
			children = (
				06A65B6726B0362E007F2B5F /* PersonsList.app */,
			);
			name = Products;
			sourceTree = "<group>";
		};
		06A65B6926B0362E007F2B5F /* PersonsList */ = {
			isa = PBXGroup;
			children = (
				06A65B8226B036EA007F2B5F /* Storages */,
				06A65B8126B036DB007F2B5F /* Models */,
				06A65B8026B036AC007F2B5F /* Configs */,
				06A65B7F26B03681007F2B5F /* ViewControllers */,
				06A65B7E26B0366C007F2B5F /* Storyboards */,
				06A65B7326B03631007F2B5F /* Assets.xcassets */,
			);
			path = PersonsList;
			sourceTree = "<group>";
		};
		06A65B7E26B0366C007F2B5F /* Storyboards */ = {
			isa = PBXGroup;
			children = (
				06A65B7026B0362E007F2B5F /* Main.storyboard */,
				06A65B7526B03631007F2B5F /* LaunchScreen.storyboard */,
			);
			path = Storyboards;
			sourceTree = "<group>";
		};
		06A65B7F26B03681007F2B5F /* ViewControllers */ = {
			isa = PBXGroup;
			children = (
				06A65B8326B0388D007F2B5F /* ContactListTableViewController.swift */,
				06A65B8926B04CD7007F2B5F /* DetailContactViewController.swift */,
			);
			path = ViewControllers;
			sourceTree = "<group>";
		};
		06A65B8026B036AC007F2B5F /* Configs */ = {
			isa = PBXGroup;
			children = (
				06A65B6A26B0362E007F2B5F /* AppDelegate.swift */,
				06A65B6C26B0362E007F2B5F /* SceneDelegate.swift */,
				06A65B7826B03631007F2B5F /* Info.plist */,
			);
			path = Configs;
			sourceTree = "<group>";
		};
		06A65B8126B036DB007F2B5F /* Models */ = {
			isa = PBXGroup;
			children = (
				06A65B8526B03A24007F2B5F /* Person.swift */,
			);
			path = Models;
			sourceTree = "<group>";
		};
		06A65B8226B036EA007F2B5F /* Storages */ = {
			isa = PBXGroup;
			children = (
				06A65B8726B03A72007F2B5F /* DataManager.swift */,
			);
			path = Storages;
			sourceTree = "<group>";
		};
/* End PBXGroup section */

/* Begin PBXNativeTarget section */
		06A65B6626B0362E007F2B5F /* PersonsList */ = {
			isa = PBXNativeTarget;
			buildConfigurationList = 06A65B7B26B03631007F2B5F /* Build configuration list for PBXNativeTarget "PersonsList" */;
			buildPhases = (
				06A65B6326B0362E007F2B5F /* Sources */,
				06A65B6426B0362E007F2B5F /* Frameworks */,
				06A65B6526B0362E007F2B5F /* Resources */,
			);
			buildRules = (
			);
			dependencies = (
			);
			name = PersonsList;
			productName = PersonsList;
			productReference = 06A65B6726B0362E007F2B5F /* PersonsList.app */;
			productType = "com.apple.product-type.application";
		};
/* End PBXNativeTarget section */

/* Begin PBXProject section */
		06A65B5F26B0362E007F2B5F /* Project object */ = {
			isa = PBXProject;
			attributes = {
				LastSwiftUpdateCheck = 1250;
				LastUpgradeCheck = 1250;
				TargetAttributes = {
					06A65B6626B0362E007F2B5F = {
						CreatedOnToolsVersion = 12.5.1;
					};
				};
			};
			buildConfigurationList = 06A65B6226B0362E007F2B5F /* Build configuration list for PBXProject "PersonsList" */;
			compatibilityVersion = "Xcode 9.3";
			developmentRegion = en;
			hasScannedForEncodings = 0;
			knownRegions = (
				en,
				Base,
			);
			mainGroup = 06A65B5E26B0362E007F2B5F;
			productRefGroup = 06A65B6826B0362E007F2B5F /* Products */;
			projectDirPath = "";
			projectRoot = "";
			targets = (
				06A65B6626B0362E007F2B5F /* PersonsList */,
			);
		};
/* End PBXProject section */

/* Begin PBXResourcesBuildPhase section */
		06A65B6526B0362E007F2B5F /* Resources */ = {
			isa = PBXResourcesBuildPhase;
			buildActionMask = 2147483647;
			files = (
				06A65B7726B03631007F2B5F /* LaunchScreen.storyboard in Resources */,
				06A65B7426B03631007F2B5F /* Assets.xcassets in Resources */,
				06A65B7226B0362E007F2B5F /* Main.storyboard in Resources */,
			);
			runOnlyForDeploymentPostprocessing = 0;
		};
/* End PBXResourcesBuildPhase section */

/* Begin PBXSourcesBuildPhase section */
		06A65B6326B0362E007F2B5F /* Sources */ = {
			isa = PBXSourcesBuildPhase;
			buildActionMask = 2147483647;
			files = (
				06A65B8426B0388D007F2B5F /* ContactListTableViewController.swift in Sources */,
				06A65B8826B03A72007F2B5F /* DataManager.swift in Sources */,
				06A65B6B26B0362E007F2B5F /* AppDelegate.swift in Sources */,
				06A65B8626B03A24007F2B5F /* Person.swift in Sources */,
				06A65B8A26B04CD7007F2B5F /* DetailContactViewController.swift in Sources */,
				06A65B6D26B0362E007F2B5F /* SceneDelegate.swift in Sources */,
			);
			runOnlyForDeploymentPostprocessing = 0;
		};
/* End PBXSourcesBuildPhase section */

/* Begin PBXVariantGroup section */
		06A65B7026B0362E007F2B5F /* Main.storyboard */ = {
			isa = PBXVariantGroup;
			children = (
				06A65B7126B0362E007F2B5F /* Base */,
			);
			name = Main.storyboard;
			sourceTree = "<group>";
		};
		06A65B7526B03631007F2B5F /* LaunchScreen.storyboard */ = {
			isa = PBXVariantGroup;
			children = (
				06A65B7626B03631007F2B5F /* Base */,
			);
			name = LaunchScreen.storyboard;
			sourceTree = "<group>";
		};
/* End PBXVariantGroup section */

/* Begin XCBuildConfiguration section */
		06A65B7926B03631007F2B5F /* Debug */ = {
			isa = XCBuildConfiguration;
			buildSettings = {
				ALWAYS_SEARCH_USER_PATHS = NO;
				CLANG_ANALYZER_NONNULL = YES;
				CLANG_ANALYZER_NUMBER_OBJECT_CONVERSION = YES_AGGRESSIVE;
				CLANG_CXX_LANGUAGE_STANDARD = "gnu++14";
				CLANG_CXX_LIBRARY = "libc++";
				CLANG_ENABLE_MODULES = YES;
				CLANG_ENABLE_OBJC_ARC = YES;
				CLANG_ENABLE_OBJC_WEAK = YES;
				CLANG_WARN_BLOCK_CAPTURE_AUTORELEASING = YES;
				CLANG_WARN_BOOL_CONVERSION = YES;
				CLANG_WARN_COMMA = YES;
				CLANG_WARN_CONSTANT_CONVERSION = YES;
				CLANG_WARN_DEPRECATED_OBJC_IMPLEMENTATIONS = YES;
				CLANG_WARN_DIRECT_OBJC_ISA_USAGE = YES_ERROR;
				CLANG_WARN_DOCUMENTATION_COMMENTS = YES;
				CLANG_WARN_EMPTY_BODY = YES;
				CLANG_WARN_ENUM_CONVERSION = YES;
				CLANG_WARN_INFINITE_RECURSION = YES;
				CLANG_WARN_INT_CONVERSION = YES;
				CLANG_WARN_NON_LITERAL_NULL_CONVERSION = YES;
				CLANG_WARN_OBJC_IMPLICIT_RETAIN_SELF = YES;
				CLANG_WARN_OBJC_LITERAL_CONVERSION = YES;
				CLANG_WARN_OBJC_ROOT_CLASS = YES_ERROR;
				CLANG_WARN_QUOTED_INCLUDE_IN_FRAMEWORK_HEADER = YES;
				CLANG_WARN_RANGE_LOOP_ANALYSIS = YES;
				CLANG_WARN_STRICT_PROTOTYPES = YES;
				CLANG_WARN_SUSPICIOUS_MOVE = YES;
				CLANG_WARN_UNGUARDED_AVAILABILITY = YES_AGGRESSIVE;
				CLANG_WARN_UNREACHABLE_CODE = YES;
				CLANG_WARN__DUPLICATE_METHOD_MATCH = YES;
				COPY_PHASE_STRIP = NO;
				DEBUG_INFORMATION_FORMAT = dwarf;
				ENABLE_STRICT_OBJC_MSGSEND = YES;
				ENABLE_TESTABILITY = YES;
				GCC_C_LANGUAGE_STANDARD = gnu11;
				GCC_DYNAMIC_NO_PIC = NO;
				GCC_NO_COMMON_BLOCKS = YES;
				GCC_OPTIMIZATION_LEVEL = 0;
				GCC_PREPROCESSOR_DEFINITIONS = (
					"DEBUG=1",
					"$(inherited)",
				);
				GCC_WARN_64_TO_32_BIT_CONVERSION = YES;
				GCC_WARN_ABOUT_RETURN_TYPE = YES_ERROR;
				GCC_WARN_UNDECLARED_SELECTOR = YES;
				GCC_WARN_UNINITIALIZED_AUTOS = YES_AGGRESSIVE;
				GCC_WARN_UNUSED_FUNCTION = YES;
				GCC_WARN_UNUSED_VARIABLE = YES;
				IPHONEOS_DEPLOYMENT_TARGET = 14.5;
				MTL_ENABLE_DEBUG_INFO = INCLUDE_SOURCE;
				MTL_FAST_MATH = YES;
				ONLY_ACTIVE_ARCH = YES;
				SDKROOT = iphoneos;
				SWIFT_ACTIVE_COMPILATION_CONDITIONS = DEBUG;
				SWIFT_OPTIMIZATION_LEVEL = "-Onone";
			};
			name = Debug;
		};
		06A65B7A26B03631007F2B5F /* Release */ = {
			isa = XCBuildConfiguration;
			buildSettings = {
				ALWAYS_SEARCH_USER_PATHS = NO;
				CLANG_ANALYZER_NONNULL = YES;
				CLANG_ANALYZER_NUMBER_OBJECT_CONVERSION = YES_AGGRESSIVE;
				CLANG_CXX_LANGUAGE_STANDARD = "gnu++14";
				CLANG_CXX_LIBRARY = "libc++";
				CLANG_ENABLE_MODULES = YES;
				CLANG_ENABLE_OBJC_ARC = YES;
				CLANG_ENABLE_OBJC_WEAK = YES;
				CLANG_WARN_BLOCK_CAPTURE_AUTORELEASING = YES;
				CLANG_WARN_BOOL_CONVERSION = YES;
				CLANG_WARN_COMMA = YES;
				CLANG_WARN_CONSTANT_CONVERSION = YES;
				CLANG_WARN_DEPRECATED_OBJC_IMPLEMENTATIONS = YES;
				CLANG_WARN_DIRECT_OBJC_ISA_USAGE = YES_ERROR;
				CLANG_WARN_DOCUMENTATION_COMMENTS = YES;
				CLANG_WARN_EMPTY_BODY = YES;
				CLANG_WARN_ENUM_CONVERSION = YES;
				CLANG_WARN_INFINITE_RECURSION = YES;
				CLANG_WARN_INT_CONVERSION = YES;
				CLANG_WARN_NON_LITERAL_NULL_CONVERSION = YES;
				CLANG_WARN_OBJC_IMPLICIT_RETAIN_SELF = YES;
				CLANG_WARN_OBJC_LITERAL_CONVERSION = YES;
				CLANG_WARN_OBJC_ROOT_CLASS = YES_ERROR;
				CLANG_WARN_QUOTED_INCLUDE_IN_FRAMEWORK_HEADER = YES;
				CLANG_WARN_RANGE_LOOP_ANALYSIS = YES;
				CLANG_WARN_STRICT_PROTOTYPES = YES;
				CLANG_WARN_SUSPICIOUS_MOVE = YES;
				CLANG_WARN_UNGUARDED_AVAILABILITY = YES_AGGRESSIVE;
				CLANG_WARN_UNREACHABLE_CODE = YES;
				CLANG_WARN__DUPLICATE_METHOD_MATCH = YES;
				COPY_PHASE_STRIP = NO;
				DEBUG_INFORMATION_FORMAT = "dwarf-with-dsym";
				ENABLE_NS_ASSERTIONS = NO;
				ENABLE_STRICT_OBJC_MSGSEND = YES;
				GCC_C_LANGUAGE_STANDARD = gnu11;
				GCC_NO_COMMON_BLOCKS = YES;
				GCC_WARN_64_TO_32_BIT_CONVERSION = YES;
				GCC_WARN_ABOUT_RETURN_TYPE = YES_ERROR;
				GCC_WARN_UNDECLARED_SELECTOR = YES;
				GCC_WARN_UNINITIALIZED_AUTOS = YES_AGGRESSIVE;
				GCC_WARN_UNUSED_FUNCTION = YES;
				GCC_WARN_UNUSED_VARIABLE = YES;
				IPHONEOS_DEPLOYMENT_TARGET = 14.5;
				MTL_ENABLE_DEBUG_INFO = NO;
				MTL_FAST_MATH = YES;
				SDKROOT = iphoneos;
				SWIFT_COMPILATION_MODE = wholemodule;
				SWIFT_OPTIMIZATION_LEVEL = "-O";
				VALIDATE_PRODUCT = YES;
			};
			name = Release;
		};
		06A65B7C26B03631007F2B5F /* Debug */ = {
			isa = XCBuildConfiguration;
			buildSettings = {
				ASSETCATALOG_COMPILER_APPICON_NAME = AppIcon;
				ASSETCATALOG_COMPILER_GLOBAL_ACCENT_COLOR_NAME = AccentColor;
				CODE_SIGN_STYLE = Automatic;
				DEVELOPMENT_TEAM = RWWSRV5W4R;
				INFOPLIST_FILE = PersonsList/Configs/Info.plist;
				LD_RUNPATH_SEARCH_PATHS = (
					"$(inherited)",
					"@executable_path/Frameworks",
				);
				PRODUCT_BUNDLE_IDENTIFIER = "Vladislav-Kulak.PersonsList";
				PRODUCT_NAME = "$(TARGET_NAME)";
				SWIFT_VERSION = 5.0;
				TARGETED_DEVICE_FAMILY = "1,2";
			};
			name = Debug;
		};
		06A65B7D26B03631007F2B5F /* Release */ = {
			isa = XCBuildConfiguration;
			buildSettings = {
				ASSETCATALOG_COMPILER_APPICON_NAME = AppIcon;
				ASSETCATALOG_COMPILER_GLOBAL_ACCENT_COLOR_NAME = AccentColor;
				CODE_SIGN_STYLE = Automatic;
				DEVELOPMENT_TEAM = RWWSRV5W4R;
				INFOPLIST_FILE = PersonsList/Configs/Info.plist;
				LD_RUNPATH_SEARCH_PATHS = (
					"$(inherited)",
					"@executable_path/Frameworks",
				);
				PRODUCT_BUNDLE_IDENTIFIER = "Vladislav-Kulak.PersonsList";
				PRODUCT_NAME = "$(TARGET_NAME)";
				SWIFT_VERSION = 5.0;
				TARGETED_DEVICE_FAMILY = "1,2";
			};
			name = Release;
		};
/* End XCBuildConfiguration section */

/* Begin XCConfigurationList section */
		06A65B6226B0362E007F2B5F /* Build configuration list for PBXProject "PersonsList" */ = {
			isa = XCConfigurationList;
			buildConfigurations = (
				06A65B7926B03631007F2B5F /* Debug */,
				06A65B7A26B03631007F2B5F /* Release */,
			);
			defaultConfigurationIsVisible = 0;
			defaultConfigurationName = Release;
		};
		06A65B7B26B03631007F2B5F /* Build configuration list for PBXNativeTarget "PersonsList" */ = {
			isa = XCConfigurationList;
			buildConfigurations = (
				06A65B7C26B03631007F2B5F /* Debug */,
				06A65B7D26B03631007F2B5F /* Release */,
			);
			defaultConfigurationIsVisible = 0;
			defaultConfigurationName = Release;
		};
/* End XCConfigurationList section */
	};
	rootObject = 06A65B5F26B0362E007F2B5F /* Project object */;
}
